
Microsoft Visual Studio Solution File, Format Version 12.00
Project("{FAE04EC0-301F-11D3-BF4B-00C04F79EFBC}") = "FluentScanning", "FluentScanning\FluentScanning.csproj", "{2A182E49-3493-4C0B-86C2-5F862D159C26}"
EndProject
Project("{FAE04EC0-301F-11D3-BF4B-00C04F79EFBC}") = "FluentScanning.Sample", "FluentScanning.Sample\FluentScanning.Sample.csproj", "{2CA79BA3-B74F-4669-A925-7C344C6ABA21}"
EndProject
Global
	GlobalSection(SolutionConfigurationPlatforms) = preSolution
		Debug|Any CPU = Debug|Any CPU
		Release|Any CPU = Release|Any CPU
	EndGlobalSection
	GlobalSection(ProjectConfigurationPlatforms) = postSolution
		{2A182E49-3493-4C0B-86C2-5F862D159C26}.Debug|Any CPU.ActiveCfg = Debug|Any CPU
		{2A182E49-3493-4C0B-86C2-5F862D159C26}.Debug|Any CPU.Build.0 = Debug|Any CPU
		{2A182E49-3493-4C0B-86C2-5F862D159C26}.Release|Any CPU.ActiveCfg = Release|Any CPU
		{2A182E49-3493-4C0B-86C2-5F862D159C26}.Release|Any CPU.Build.0 = Release|Any CPU
		{2CA79BA3-B74F-4669-A925-7C344C6ABA21}.Debug|Any CPU.ActiveCfg = Debug|Any CPU
		{2CA79BA3-B74F-4669-A925-7C344C6ABA21}.Debug|Any CPU.Build.0 = Debug|Any CPU
		{2CA79BA3-B74F-4669-A925-7C344C6ABA21}.Release|Any CPU.ActiveCfg = Release|Any CPU
		{2CA79BA3-B74F-4669-A925-7C344C6ABA21}.Release|Any CPU.Build.0 = Release|Any CPU
	EndGlobalSection
EndGlobal
